<?xml version="1.0" encoding="utf-8"?>
<Project ToolsVersion="4.0" xmlns="http://schemas.microsoft.com/developer/msbuild/2003">
  <ItemGroup>
    <ClCompile Include="src\ofApp.cpp">
      <Filter>src</Filter>
    </ClCompile>
    <ClCompile Include="src\main.cpp">
      <Filter>src</Filter>
    </ClCompile>
    <ClCompile Include="src\Entity.cpp" />
    <ClCompile Include="..\..\..\addons\ofxGui\src\ofxBaseGui.cpp" />
    <ClCompile Include="..\..\..\addons\ofxGui\src\ofxButton.cpp" />
    <ClCompile Include="..\..\..\addons\ofxGui\src\ofxColorPicker.cpp" />
    <ClCompile Include="..\..\..\addons\ofxGui\src\ofxGuiGroup.cpp" />
    <ClCompile Include="..\..\..\addons\ofxGui\src\ofxInputField.cpp" />
    <ClCompile Include="..\..\..\addons\ofxGui\src\ofxLabel.cpp" />
    <ClCompile Include="..\..\..\addons\ofxGui\src\ofxPanel.cpp" />
    <ClCompile Include="..\..\..\addons\ofxGui\src\ofxSlider.cpp" />
    <ClCompile Include="..\..\..\addons\ofxGui\src\ofxSliderGroup.cpp" />
    <ClCompile Include="..\..\..\addons\ofxGui\src\ofxToggle.cpp" />
  </ItemGroup>
  <ItemGroup>
    <Filter Include="src">
      <UniqueIdentifier>{d8376475-7454-4a24-b08a-aac121d3ad6f}</UniqueIdentifier>
    </Filter>
  </ItemGroup>
  <ItemGroup>
    <ClInclude Include="src\ofApp.h">
      <Filter>src</Filter>
    </ClInclude>
    <ClInclude Include="src\Entity.h" />
    <ClInclude Include="..\..\..\addons\ofxGui\src\ofxBaseGui.h" />
    <ClInclude Include="..\..\..\addons\ofxGui\src\ofxButton.h" />
    <ClInclude Include="..\..\..\addons\ofxGui\src\ofxColorPicker.h" />
    <ClInclude Include="..\..\..\addons\ofxGui\src\ofxGui.h" />
    <ClInclude Include="..\..\..\addons\ofxGui\src\ofxGuiGroup.h" />
    <ClInclude Include="..\..\..\addons\ofxGui\src\ofxGuiUtils.h" />
    <ClInclude Include="..\..\..\addons\ofxGui\src\ofxInputField.h" />
    <ClInclude Include="..\..\..\addons\ofxGui\src\ofxLabel.h" />
    <ClInclude Include="..\..\..\addons\ofxGui\src\ofxPanel.h" />
    <ClInclude Include="..\..\..\addons\ofxGui\src\ofxSlider.h" />
    <ClInclude Include="..\..\..\addons\ofxGui\src\ofxSliderGroup.h" />
    <ClInclude Include="..\..\..\addons\ofxGui\src\ofxToggle.h" />
  </ItemGroup>
  <ItemGroup>
    <ResourceCompile Include="icon.rc" />
  </ItemGroup>
</Project>